// !$*UTF8*$!
{
	archiveVersion = 1;
	classes = {
	};
	objectVersion = 50;
	objects = {

/* Begin PBXBuildFile section */
		30CCE32224AF5B5000F254D0 /* AppDelegate.swift in Sources */ = {isa = PBXBuildFile; fileRef = 30CCE32124AF5B5000F254D0 /* AppDelegate.swift */; };
		30CCE32424AF5B5000F254D0 /* SceneDelegate.swift in Sources */ = {isa = PBXBuildFile; fileRef = 30CCE32324AF5B5000F254D0 /* SceneDelegate.swift */; };
		30CCE32624AF5B5000F254D0 /* MasterViewController.swift in Sources */ = {isa = PBXBuildFile; fileRef = 30CCE32524AF5B5000F254D0 /* MasterViewController.swift */; };
		30CCE32824AF5B5000F254D0 /* DetailViewController.swift in Sources */ = {isa = PBXBuildFile; fileRef = 30CCE32724AF5B5000F254D0 /* DetailViewController.swift */; };
		30CCE32B24AF5B5000F254D0 /* Main.storyboard in Resources */ = {isa = PBXBuildFile; fileRef = 30CCE32924AF5B5000F254D0 /* Main.storyboard */; };
		30CCE32D24AF5B5200F254D0 /* Assets.xcassets in Resources */ = {isa = PBXBuildFile; fileRef = 30CCE32C24AF5B5200F254D0 /* Assets.xcassets */; };
		30CCE33024AF5B5200F254D0 /* LaunchScreen.storyboard in Resources */ = {isa = PBXBuildFile; fileRef = 30CCE32E24AF5B5200F254D0 /* LaunchScreen.storyboard */; };
		30CCE33824AF5CED00F254D0 /* Images+Names+Colors.swift in Sources */ = {isa = PBXBuildFile; fileRef = 30CCE33724AF5CED00F254D0 /* Images+Names+Colors.swift */; };
/* End PBXBuildFile section */

/* Begin PBXFileReference section */
		30CCE31E24AF5B5000F254D0 /* Spitter.app */ = {isa = PBXFileReference; explicitFileType = wrapper.application; includeInIndex = 0; path = Spitter.app; sourceTree = BUILT_PRODUCTS_DIR; };
		30CCE32124AF5B5000F254D0 /* AppDelegate.swift */ = {isa = PBXFileReference; lastKnownFileType = sourcecode.swift; path = AppDelegate.swift; sourceTree = "<group>"; };
		30CCE32324AF5B5000F254D0 /* SceneDelegate.swift */ = {isa = PBXFileReference; lastKnownFileType = sourcecode.swift; path = SceneDelegate.swift; sourceTree = "<group>"; };
		30CCE32524AF5B5000F254D0 /* MasterViewController.swift */ = {isa = PBXFileReference; lastKnownFileType = sourcecode.swift; path = MasterViewController.swift; sourceTree = "<group>"; };
		30CCE32724AF5B5000F254D0 /* DetailViewController.swift */ = {isa = PBXFileReference; lastKnownFileType = sourcecode.swift; path = DetailViewController.swift; sourceTree = "<group>"; };
		30CCE32A24AF5B5000F254D0 /* Base */ = {isa = PBXFileReference; lastKnownFileType = file.storyboard; name = Base; path = Base.lproj/Main.storyboard; sourceTree = "<group>"; };
		30CCE32C24AF5B5200F254D0 /* Assets.xcassets */ = {isa = PBXFileReference; lastKnownFileType = folder.assetcatalog; path = Assets.xcassets; sourceTree = "<group>"; };
		30CCE32F24AF5B5200F254D0 /* Base */ = {isa = PBXFileReference; lastKnownFileType = file.storyboard; name = Base; path = Base.lproj/LaunchScreen.storyboard; sourceTree = "<group>"; };
		30CCE33124AF5B5200F254D0 /* Info.plist */ = {isa = PBXFileReference; lastKnownFileType = text.plist.xml; path = Info.plist; sourceTree = "<group>"; };
		30CCE33724AF5CED00F254D0 /* Images+Names+Colors.swift */ = {isa = PBXFileReference; lastKnownFileType = sourcecode.swift; path = "Images+Names+Colors.swift"; sourceTree = "<group>"; };
/* End PBXFileReference section */

/* Begin PBXFrameworksBuildPhase section */
		30CCE31B24AF5B5000F254D0 /* Frameworks */ = {
			isa = PBXFrameworksBuildPhase;
			buildActionMask = 2147483647;
			files = (
			);
			runOnlyForDeploymentPostprocessing = 0;
		};
/* End PBXFrameworksBuildPhase section */

/* Begin PBXGroup section */
		30CCE31524AF5B5000F254D0 = {
			isa = PBXGroup;
			children = (
				30CCE32024AF5B5000F254D0 /* Spitter */,
				30CCE31F24AF5B5000F254D0 /* Products */,
			);
			sourceTree = "<group>";
		};
		30CCE31F24AF5B5000F254D0 /* Products */ = {
			isa = PBXGroup;
			children = (
				30CCE31E24AF5B5000F254D0 /* Spitter.app */,
			);
			name = Products;
			sourceTree = "<group>";
		};
		30CCE32024AF5B5000F254D0 /* Spitter */ = {
			isa = PBXGroup;
			children = (
				30CCE33C24AF5E9700F254D0 /* Services */,
				30CCE33B24AF5D2200F254D0 /* Controller */,
				30CCE33A24AF5D1C00F254D0 /* View */,
				30CCE33924AF5D1700F254D0 /* Model */,
				30CCE32124AF5B5000F254D0 /* AppDelegate.swift */,
				30CCE32324AF5B5000F254D0 /* SceneDelegate.swift */,
				30CCE32924AF5B5000F254D0 /* Main.storyboard */,
				30CCE32C24AF5B5200F254D0 /* Assets.xcassets */,
				30CCE32E24AF5B5200F254D0 /* LaunchScreen.storyboard */,
				30CCE33124AF5B5200F254D0 /* Info.plist */,
			);
			path = Spitter;
			sourceTree = "<group>";
		};
		30CCE33924AF5D1700F254D0 /* Model */ = {
			isa = PBXGroup;
			children = (
			);
			path = Model;
			sourceTree = "<group>";
		};
		30CCE33A24AF5D1C00F254D0 /* View */ = {
			isa = PBXGroup;
			children = (
			);
			path = View;
			sourceTree = "<group>";
		};
		30CCE33B24AF5D2200F254D0 /* Controller */ = {
			isa = PBXGroup;
			children = (
				30CCE32524AF5B5000F254D0 /* MasterViewController.swift */,
				30CCE32724AF5B5000F254D0 /* DetailViewController.swift */,
			);
			path = Controller;
			sourceTree = "<group>";
		};
		30CCE33C24AF5E9700F254D0 /* Services */ = {
			isa = PBXGroup;
			children = (
				30CCE33724AF5CED00F254D0 /* Images+Names+Colors.swift */,
			);
			path = Services;
			sourceTree = "<group>";
		};
/* End PBXGroup section */

/* Begin PBXNativeTarget section */
		30CCE31D24AF5B5000F254D0 /* Spitter */ = {
			isa = PBXNativeTarget;
			buildConfigurationList = 30CCE33424AF5B5200F254D0 /* Build configuration list for PBXNativeTarget "Spitter" */;
			buildPhases = (
				30CCE31A24AF5B5000F254D0 /* Sources */,
				30CCE31B24AF5B5000F254D0 /* Frameworks */,
				30CCE31C24AF5B5000F254D0 /* Resources */,
			);
			buildRules = (
			);
			dependencies = (
			);
			name = Spitter;
			productName = Spitter;
			productReference = 30CCE31E24AF5B5000F254D0 /* Spitter.app */;
			productType = "com.apple.product-type.application";
		};
/* End PBXNativeTarget section */

/* Begin PBXProject section */
		30CCE31624AF5B5000F254D0 /* Project object */ = {
			isa = PBXProject;
			attributes = {
				LastSwiftUpdateCheck = 1150;
				LastUpgradeCheck = 1150;
				ORGANIZATIONNAME = "Roman Tuzhilkin";
				TargetAttributes = {
					30CCE31D24AF5B5000F254D0 = {
						CreatedOnToolsVersion = 11.5;
					};
				};
			};
			buildConfigurationList = 30CCE31924AF5B5000F254D0 /* Build configuration list for PBXProject "Spitter" */;
			compatibilityVersion = "Xcode 9.3";
			developmentRegion = en;
			hasScannedForEncodings = 0;
			knownRegions = (
				en,
				Base,
			);
			mainGroup = 30CCE31524AF5B5000F254D0;
			productRefGroup = 30CCE31F24AF5B5000F254D0 /* Products */;
			projectDirPath = "";
			projectRoot = "";
			targets = (
				30CCE31D24AF5B5000F254D0 /* Spitter */,
			);
		};
/* End PBXProject section */

/* Begin PBXResourcesBuildPhase section */
		30CCE31C24AF5B5000F254D0 /* Resources */ = {
			isa = PBXResourcesBuildPhase;
			buildActionMask = 2147483647;
			files = (
				30CCE33024AF5B5200F254D0 /* LaunchScreen.storyboard in Resources */,
				30CCE32D24AF5B5200F254D0 /* Assets.xcassets in Resources */,
				30CCE32B24AF5B5000F254D0 /* Main.storyboard in Resources */,
			);
			runOnlyForDeploymentPostprocessing = 0;
		};
/* End PBXResourcesBuildPhase section */

/* Begin PBXSourcesBuildPhase section */
		30CCE31A24AF5B5000F254D0 /* Sources */ = {
			isa = PBXSourcesBuildPhase;
			buildActionMask = 2147483647;
			files = (
				30CCE33824AF5CED00F254D0 /* Images+Names+Colors.swift in Sources */,
				30CCE32224AF5B5000F254D0 /* AppDelegate.swift in Sources */,
				30CCE32424AF5B5000F254D0 /* SceneDelegate.swift in Sources */,
				30CCE32624AF5B5000F254D0 /* MasterViewController.swift in Sources */,
				30CCE32824AF5B5000F254D0 /* DetailViewController.swift in Sources */,
			);
			runOnlyForDeploymentPostprocessing = 0;
		};
/* End PBXSourcesBuildPhase section */

/* Begin PBXVariantGroup section */
		30CCE32924AF5B5000F254D0 /* Main.storyboard */ = {
			isa = PBXVariantGroup;
			children = (
				30CCE32A24AF5B5000F254D0 /* Base */,
			);
			name = Main.storyboard;
			sourceTree = "<group>";
		};
		30CCE32E24AF5B5200F254D0 /* LaunchScreen.storyboard */ = {
			isa = PBXVariantGroup;
			children = (
				30CCE32F24AF5B5200F254D0 /* Base */,
			);
			name = LaunchScreen.storyboard;
			sourceTree = "<group>";
		};
/* End PBXVariantGroup section */

/* Begin XCBuildConfiguration section */
		30CCE33224AF5B5200F254D0 /* Debug */ = {
			isa = XCBuildConfiguration;
			buildSettings = {
				ALWAYS_SEARCH_USER_PATHS = NO;
				CLANG_ANALYZER_NONNULL = YES;
				CLANG_ANALYZER_NUMBER_OBJECT_CONVERSION = YES_AGGRESSIVE;
				CLANG_CXX_LANGUAGE_STANDARD = "gnu++14";
				CLANG_CXX_LIBRARY = "libc++";
				CLANG_ENABLE_MODULES = YES;
				CLANG_ENABLE_OBJC_ARC = YES;
				CLANG_ENABLE_OBJC_WEAK = YES;
				CLANG_WARN_BLOCK_CAPTURE_AUTORELEASING = YES;
				CLANG_WARN_BOOL_CONVERSION = YES;
				CLANG_WARN_COMMA = YES;
				CLANG_WARN_CONSTANT_CONVERSION = YES;
				CLANG_WARN_DEPRECATED_OBJC_IMPLEMENTATIONS = YES;
				CLANG_WARN_DIRECT_OBJC_ISA_USAGE = YES_ERROR;
				CLANG_WARN_DOCUMENTATION_COMMENTS = YES;
				CLANG_WARN_EMPTY_BODY = YES;
				CLANG_WARN_ENUM_CONVERSION = YES;
				CLANG_WARN_INFINITE_RECURSION = YES;
				CLANG_WARN_INT_CONVERSION = YES;
				CLANG_WARN_NON_LITERAL_NULL_CONVERSION = YES;
				CLANG_WARN_OBJC_IMPLICIT_RETAIN_SELF = YES;
				CLANG_WARN_OBJC_LITERAL_CONVERSION = YES;
				CLANG_WARN_OBJC_ROOT_CLASS = YES_ERROR;
				CLANG_WARN_RANGE_LOOP_ANALYSIS = YES;
				CLANG_WARN_STRICT_PROTOTYPES = YES;
				CLANG_WARN_SUSPICIOUS_MOVE = YES;
				CLANG_WARN_UNGUARDED_AVAILABILITY = YES_AGGRESSIVE;
				CLANG_WARN_UNREACHABLE_CODE = YES;
				CLANG_WARN__DUPLICATE_METHOD_MATCH = YES;
				COPY_PHASE_STRIP = NO;
				DEBUG_INFORMATION_FORMAT = dwarf;
				ENABLE_STRICT_OBJC_MSGSEND = YES;
				ENABLE_TESTABILITY = YES;
				GCC_C_LANGUAGE_STANDARD = gnu11;
				GCC_DYNAMIC_NO_PIC = NO;
				GCC_NO_COMMON_BLOCKS = YES;
				GCC_OPTIMIZATION_LEVEL = 0;
				GCC_PREPROCESSOR_DEFINITIONS = (
					"DEBUG=1",
					"$(inherited)",
				);
				GCC_WARN_64_TO_32_BIT_CONVERSION = YES;
				GCC_WARN_ABOUT_RETURN_TYPE = YES_ERROR;
				GCC_WARN_UNDECLARED_SELECTOR = YES;
				GCC_WARN_UNINITIALIZED_AUTOS = YES_AGGRESSIVE;
				GCC_WARN_UNUSED_FUNCTION = YES;
				GCC_WARN_UNUSED_VARIABLE = YES;
				IPHONEOS_DEPLOYMENT_TARGET = 13.5;
				MTL_ENABLE_DEBUG_INFO = INCLUDE_SOURCE;
				MTL_FAST_MATH = YES;
				ONLY_ACTIVE_ARCH = YES;
				SDKROOT = iphoneos;
				SWIFT_ACTIVE_COMPILATION_CONDITIONS = DEBUG;
				SWIFT_OPTIMIZATION_LEVEL = "-Onone";
			};
			name = Debug;
		};
		30CCE33324AF5B5200F254D0 /* Release */ = {
			isa = XCBuildConfiguration;
			buildSettings = {
				ALWAYS_SEARCH_USER_PATHS = NO;
				CLANG_ANALYZER_NONNULL = YES;
				CLANG_ANALYZER_NUMBER_OBJECT_CONVERSION = YES_AGGRESSIVE;
				CLANG_CXX_LANGUAGE_STANDARD = "gnu++14";
				CLANG_CXX_LIBRARY = "libc++";
				CLANG_ENABLE_MODULES = YES;
				CLANG_ENABLE_OBJC_ARC = YES;
				CLANG_ENABLE_OBJC_WEAK = YES;
				CLANG_WARN_BLOCK_CAPTURE_AUTORELEASING = YES;
				CLANG_WARN_BOOL_CONVERSION = YES;
				CLANG_WARN_COMMA = YES;
				CLANG_WARN_CONSTANT_CONVERSION = YES;
				CLANG_WARN_DEPRECATED_OBJC_IMPLEMENTATIONS = YES;
				CLANG_WARN_DIRECT_OBJC_ISA_USAGE = YES_ERROR;
				CLANG_WARN_DOCUMENTATION_COMMENTS = YES;
				CLANG_WARN_EMPTY_BODY = YES;
				CLANG_WARN_ENUM_CONVERSION = YES;
				CLANG_WARN_INFINITE_RECURSION = YES;
				CLANG_WARN_INT_CONVERSION = YES;
				CLANG_WARN_NON_LITERAL_NULL_CONVERSION = YES;
				CLANG_WARN_OBJC_IMPLICIT_RETAIN_SELF = YES;
				CLANG_WARN_OBJC_LITERAL_CONVERSION = YES;
				CLANG_WARN_OBJC_ROOT_CLASS = YES_ERROR;
				CLANG_WARN_RANGE_LOOP_ANALYSIS = YES;
				CLANG_WARN_STRICT_PROTOTYPES = YES;
				CLANG_WARN_SUSPICIOUS_MOVE = YES;
				CLANG_WARN_UNGUARDED_AVAILABILITY = YES_AGGRESSIVE;
				CLANG_WARN_UNREACHABLE_CODE = YES;
				CLANG_WARN__DUPLICATE_METHOD_MATCH = YES;
				COPY_PHASE_STRIP = NO;
				DEBUG_INFORMATION_FORMAT = "dwarf-with-dsym";
				ENABLE_NS_ASSERTIONS = NO;
				ENABLE_STRICT_OBJC_MSGSEND = YES;
				GCC_C_LANGUAGE_STANDARD = gnu11;
				GCC_NO_COMMON_BLOCKS = YES;
				GCC_WARN_64_TO_32_BIT_CONVERSION = YES;
				GCC_WARN_ABOUT_RETURN_TYPE = YES_ERROR;
				GCC_WARN_UNDECLARED_SELECTOR = YES;
				GCC_WARN_UNINITIALIZED_AUTOS = YES_AGGRESSIVE;
				GCC_WARN_UNUSED_FUNCTION = YES;
				GCC_WARN_UNUSED_VARIABLE = YES;
				IPHONEOS_DEPLOYMENT_TARGET = 13.5;
				MTL_ENABLE_DEBUG_INFO = NO;
				MTL_FAST_MATH = YES;
				SDKROOT = iphoneos;
				SWIFT_COMPILATION_MODE = wholemodule;
				SWIFT_OPTIMIZATION_LEVEL = "-O";
				VALIDATE_PRODUCT = YES;
			};
			name = Release;
		};
		30CCE33524AF5B5200F254D0 /* Debug */ = {
			isa = XCBuildConfiguration;
			buildSettings = {
				ASSETCATALOG_COMPILER_APPICON_NAME = AppIcon;
				CODE_SIGN_STYLE = Automatic;
				DEVELOPMENT_TEAM = J59BKJGZ6C;
				INFOPLIST_FILE = Spitter/Info.plist;
				LD_RUNPATH_SEARCH_PATHS = (
					"$(inherited)",
					"@executable_path/Frameworks",
				);
				PRODUCT_BUNDLE_IDENTIFIER = TuzCorp.Spitter;
				PRODUCT_NAME = "$(TARGET_NAME)";
				SWIFT_VERSION = 5.0;
				TARGETED_DEVICE_FAMILY = "1,2";
			};
			name = Debug;
		};
		30CCE33624AF5B5200F254D0 /* Release */ = {
			isa = XCBuildConfiguration;
			buildSettings = {
				ASSETCATALOG_COMPILER_APPICON_NAME = AppIcon;
				CODE_SIGN_STYLE = Automatic;
				DEVELOPMENT_TEAM = J59BKJGZ6C;
				INFOPLIST_FILE = Spitter/Info.plist;
				LD_RUNPATH_SEARCH_PATHS = (
					"$(inherited)",
					"@executable_path/Frameworks",
				);
				PRODUCT_BUNDLE_IDENTIFIER = TuzCorp.Spitter;
				PRODUCT_NAME = "$(TARGET_NAME)";
				SWIFT_VERSION = 5.0;
				TARGETED_DEVICE_FAMILY = "1,2";
			};
			name = Release;
		};
/* End XCBuildConfiguration section */

/* Begin XCConfigurationList section */
		30CCE31924AF5B5000F254D0 /* Build configuration list for PBXProject "Spitter" */ = {
			isa = XCConfigurationList;
			buildConfigurations = (
				30CCE33224AF5B5200F254D0 /* Debug */,
				30CCE33324AF5B5200F254D0 /* Release */,
			);
			defaultConfigurationIsVisible = 0;
			defaultConfigurationName = Release;
		};
		30CCE33424AF5B5200F254D0 /* Build configuration list for PBXNativeTarget "Spitter" */ = {
			isa = XCConfigurationList;
			buildConfigurations = (
				30CCE33524AF5B5200F254D0 /* Debug */,
				30CCE33624AF5B5200F254D0 /* Release */,
			);
			defaultConfigurationIsVisible = 0;
			defaultConfigurationName = Release;
		};
/* End XCConfigurationList section */
	};
	rootObject = 30CCE31624AF5B5000F254D0 /* Project object */;
}
